
Microsoft Visual Studio Solution File, Format Version 12.00
# Visual Studio 14
VisualStudioVersion = 14.0.25420.1
MinimumVisualStudioVersion = 10.0.40219.1
Project("{8BC9CEB8-8B4A-11D0-8D11-00A0C91BC942}") = "GSE", "GSE\GSE.vcxproj", "{56683191-D718-4132-AE17-36338CB4E359}"
EndProject
Project("{2150E333-8FDC-42A3-9474-1A3956D46DE8}") = "gcl", "gcl", "{D852AAA3-08F1-4713-9A37-8B66C10C7360}"
	ProjectSection(SolutionItems) = preProject
		GSE\gcl\event.hpp = GSE\gcl\event.hpp
		GSE\gcl\preprocessor.h = GSE\gcl\preprocessor.h
		GSE\gcl\thread_safe.hpp = GSE\gcl\thread_safe.hpp
		GSE\gcl\type_info.hpp = GSE\gcl\type_info.hpp
	EndProjectSection
EndProject
Project("{2150E333-8FDC-42A3-9474-1A3956D46DE8}") = "test", "test", "{C6284DE2-8A41-4AC8-A0E2-9D321968CB2D}"
	ProjectSection(SolutionItems) = preProject
		GSE\gcl\test\event.hpp = GSE\gcl\test\event.hpp
	EndProjectSection
EndProject
Global
	GlobalSection(SolutionConfigurationPlatforms) = preSolution
		Debug|x64 = Debug|x64
		Debug|x86 = Debug|x86
		Release|x64 = Release|x64
		Release|x86 = Release|x86
	EndGlobalSection
	GlobalSection(ProjectConfigurationPlatforms) = postSolution
		{56683191-D718-4132-AE17-36338CB4E359}.Debug|x64.ActiveCfg = Debug|x64
		{56683191-D718-4132-AE17-36338CB4E359}.Debug|x64.Build.0 = Debug|x64
		{56683191-D718-4132-AE17-36338CB4E359}.Debug|x86.ActiveCfg = Debug|Win32
		{56683191-D718-4132-AE17-36338CB4E359}.Debug|x86.Build.0 = Debug|Win32
		{56683191-D718-4132-AE17-36338CB4E359}.Release|x64.ActiveCfg = Release|x64
		{56683191-D718-4132-AE17-36338CB4E359}.Release|x64.Build.0 = Release|x64
		{56683191-D718-4132-AE17-36338CB4E359}.Release|x86.ActiveCfg = Release|Win32
		{56683191-D718-4132-AE17-36338CB4E359}.Release|x86.Build.0 = Release|Win32
	EndGlobalSection
	GlobalSection(SolutionProperties) = preSolution
		HideSolutionNode = FALSE
	EndGlobalSection
	GlobalSection(NestedProjects) = preSolution
		{C6284DE2-8A41-4AC8-A0E2-9D321968CB2D} = {D852AAA3-08F1-4713-9A37-8B66C10C7360}
	EndGlobalSection
EndGlobal
